{
  "originHash" : "b50c74d0d8f4ee2a7c9d7aa816f692298db0fc5fe2d4b07c1d50dad59d4c2dc0",
  "pins" : [
    {
      "identity" : "font-manager",
      "kind" : "remoteSourceControl",
      "location" : "https://github.com/NativeScript/font-manager",
      "state" : {
        "revision" : "03686d380af1ffad9494b2c25b8425df0c10ced7",
        "version" : "1.0.7"
      }
    },
    {
      "identity" : "sdwebimage",
      "kind" : "remoteSourceControl",
      "location" : "https://github.com/SDWebImage/SDWebImage.git",
      "state" : {
        "revision" : "36e79ba485e9bb4d3cd4e3318908866dac5e7b51",
        "version" : "5.21.5"
      }
    }
  ],
  "version" : 3
}
